
Microsoft Visual Studio Solution File, Format Version 12.00
# Visual Studio Version 17
VisualStudioVersion = 17.10.34928.147
MinimumVisualStudioVersion = 10.0.40219.1
Project("{8BC9CEB8-8B4A-11D0-8D11-00A0C91BC942}") = "HomeWork7", "HomeWork7\HomeWork7.vcxproj", "{A78ABB6B-974F-47BB-B15B-E1345DCD552B}"
EndProject
Global
	GlobalSection(SolutionConfigurationPlatforms) = preSolution
		Debug|x64 = Debug|x64
		Debug|x86 = Debug|x86
		Release|x64 = Release|x64
		Release|x86 = Release|x86
	EndGlobalSection
	GlobalSection(ProjectConfigurationPlatforms) = postSolution
		{A78ABB6B-974F-47BB-B15B-E1345DCD552B}.Debug|x64.ActiveCfg = Debug|x64
		{A78ABB6B-974F-47BB-B15B-E1345DCD552B}.Debug|x64.Build.0 = Debug|x64
		{A78ABB6B-974F-47BB-B15B-E1345DCD552B}.Debug|x86.ActiveCfg = Debug|Win32
		{A78ABB6B-974F-47BB-B15B-E1345DCD552B}.Debug|x86.Build.0 = Debug|Win32
		{A78ABB6B-974F-47BB-B15B-E1345DCD552B}.Release|x64.ActiveCfg = Release|x64
		{A78ABB6B-974F-47BB-B15B-E1345DCD552B}.Release|x64.Build.0 = Release|x64
		{A78ABB6B-974F-47BB-B15B-E1345DCD552B}.Release|x86.ActiveCfg = Release|Win32
		{A78ABB6B-974F-47BB-B15B-E1345DCD552B}.Release|x86.Build.0 = Release|Win32
	EndGlobalSection
	GlobalSection(SolutionProperties) = preSolution
		HideSolutionNode = FALSE
	EndGlobalSection
	GlobalSection(ExtensibilityGlobals) = postSolution
		SolutionGuid = {6783BF0A-4930-4A90-9233-E537F4383121}
	EndGlobalSection
EndGlobal
